{
  "name": "sightmap-next-monorepo",
  "version": "0.0.0",
  "lockfileVersion": 3,
  "requires": true,
  "packages": {
    "": {
      "name": "sightmap-next-monorepo",
      "version": "0.0.0",
      "workspaces": [
        "packages/*",
        "examples/*"
      ],
      "engines": {
        "node": ">=20"
      }
    },
    "examples/with-sightmap-webmcp": {
      "version": "0.0.0",
      "extraneous": true,
      "dependencies": {
        "@sightmap/next": "file:../../packages/next",
        "next": "16.3.4",
        "react": "19.2.0",
        "react-dom": "19.2.0"
      },
      "devDependencies": {
        "@sightmap/sightkick": "0.5.0",
        "@sightmap/sightmap": "0.31.1",
        "@types/node": "^24",
        "@types/react": "^19",
        "@types/react-dom": "^19",
        "agent-browser": "0.36.0",
        "typescript": "^5"
      }
    },
    "packages/next": {
      "name": "@sightmap/next",
      "version": "0.0.1",
      "extraneous": true,
      "license": "MIT",
      "bin": {
        "sightmap-next": "bin/sightmap-next.mjs"
      },
      "engines": {
        "node": ">=20"
      },
      "peerDependencies": {
        "next": ">=14",
        "react": ">=18"
      }
    }
  }
}
